
Microsoft Visual Studio Solution File, Format Version 12.00
# Visual Studio Version 16
VisualStudioVersion = 16.0.29806.167
MinimumVisualStudioVersion = 10.0.40219.1
Project("{FAE04EC0-301F-11D3-BF4B-00C04F79EFBC}") = "FindPIRandomNumbers", "FindPIRandomNumbers.csproj", "{CE633FAB-3BBB-4C07-8BDB-64293321CE87}"
EndProject
Global
	GlobalSection(SolutionConfigurationPlatforms) = preSolution
		Debug|Any CPU = Debug|Any CPU
		Release|Any CPU = Release|Any CPU
	EndGlobalSection
	GlobalSection(ProjectConfigurationPlatforms) = postSolution
		{CE633FAB-3BBB-4C07-8BDB-64293321CE87}.Debug|Any CPU.ActiveCfg = Debug|Any CPU
		{CE633FAB-3BBB-4C07-8BDB-64293321CE87}.Debug|Any CPU.Build.0 = Debug|Any CPU
		{CE633FAB-3BBB-4C07-8BDB-64293321CE87}.Release|Any CPU.ActiveCfg = Release|Any CPU
		{CE633FAB-3BBB-4C07-8BDB-64293321CE87}.Release|Any CPU.Build.0 = Release|Any CPU
	EndGlobalSection
	GlobalSection(SolutionProperties) = preSolution
		HideSolutionNode = FALSE
	EndGlobalSection
	GlobalSection(ExtensibilityGlobals) = postSolution
		SolutionGuid = {50728C55-A3F1-412A-916A-D43963559B1F}
	EndGlobalSection
EndGlobal
